
Microsoft Visual Studio Solution File, Format Version 12.00
# Visual Studio 15
VisualStudioVersion = 15.0.26228.9
MinimumVisualStudioVersion = 10.0.40219.1
Project("{8BC9CEB8-8B4A-11D0-8D11-00A0C91BC942}") = "HighLow Game", "Labs\Labs.vcxproj", "{7621C811-ECB8-4CEE-96C7-519C69E30668}"
EndProject
Project("{8BC9CEB8-8B4A-11D0-8D11-00A0C91BC942}") = "DiceGame", "DiceGame\DiceGame.vcxproj", "{E5E2C500-E15F-4A7C-BB98-01213B1C8312}"
EndProject
Project("{8BC9CEB8-8B4A-11D0-8D11-00A0C91BC942}") = "Piano", "Piano\Piano.vcxproj", "{153CFF44-3B29-4FE3-8D52-85D8F71488BE}"
EndProject
Project("{8BC9CEB8-8B4A-11D0-8D11-00A0C91BC942}") = "BlackJack", "BlackJack\BlackJack.vcxproj", "{28AC2EAC-D0B7-4C8A-A308-89E0ADE0302C}"
EndProject
Project("{8BC9CEB8-8B4A-11D0-8D11-00A0C91BC942}") = "CodeTester2", "CodeTester\CodeTester.vcxproj", "{40C34CBA-E4BC-4488-9C3C-13BD8DD8B4CE}"
EndProject
Project("{8BC9CEB8-8B4A-11D0-8D11-00A0C91BC942}") = "TicTacToe", "TicTacToe\TicTacToe.vcxproj", "{2BC0D318-D4B2-46EA-9810-1DADE97C1F98}"
EndProject
Project("{8BC9CEB8-8B4A-11D0-8D11-00A0C91BC942}") = "Arrays", "..\IntroductionC++\Arrays\Arrays.vcxproj", "{A40FD760-D103-4D3A-A77E-05A40771801C}"
EndProject
Project("{8BC9CEB8-8B4A-11D0-8D11-00A0C91BC942}") = "Random", "..\IntroductionC++\Random\Random.vcxproj", "{5062D545-FEB9-4EE2-9844-D4050BABCCD6}"
EndProject
Project("{8BC9CEB8-8B4A-11D0-8D11-00A0C91BC942}") = "Colors.Sound", "..\IntroductionC++\Colors\Colors.vcxproj", "{965FE8E2-70C6-4E26-A060-011E7486151D}"
EndProject
Project("{8BC9CEB8-8B4A-11D0-8D11-00A0C91BC942}") = "ReadingMessage", "ReadingMessage\ReadingMessage.vcxproj", "{0E3F0213-65A5-4491-B1AD-E6622A32C4C4}"
EndProject
Project("{8BC9CEB8-8B4A-11D0-8D11-00A0C91BC942}") = "FileIO", "..\IntroductionC++\FileIO\FileIO.vcxproj", "{0A4F8F8B-7498-4409-B40B-6CA86D2B916A}"
EndProject
Project("{8BC9CEB8-8B4A-11D0-8D11-00A0C91BC942}") = "SortingArrays", "..\IntroductionC++\SortingArrays\SortingArrays.vcxproj", "{26186A05-82B8-437A-9E38-76ADFE83B0A1}"
EndProject
Project("{8BC9CEB8-8B4A-11D0-8D11-00A0C91BC942}") = "DecryptOutputToFile", "DecryptOutputToFile\DecryptOutputToFile.vcxproj", "{451F7D12-DB09-45EA-BD41-1D2AAC784D6B}"
EndProject
Project("{8BC9CEB8-8B4A-11D0-8D11-00A0C91BC942}") = "HeaderFilesNfunctions", "..\IntroductionC++\FunctionsContinued\FunctionsContinued.vcxproj", "{6CA189CD-362F-4994-98D8-91DEB4F19FC4}"
EndProject
Project("{8BC9CEB8-8B4A-11D0-8D11-00A0C91BC942}") = "EncryptionDecryptionFinal", "EncryptionDecryptionFinal\EncryptionDecryptionFinal.vcxproj", "{5F55651E-128E-4C32-86C4-2AA229221135}"
EndProject
Global
	GlobalSection(SolutionConfigurationPlatforms) = preSolution
		Debug|x64 = Debug|x64
		Debug|x86 = Debug|x86
		Release|x64 = Release|x64
		Release|x86 = Release|x86
	EndGlobalSection
	GlobalSection(ProjectConfigurationPlatforms) = postSolution
		{7621C811-ECB8-4CEE-96C7-519C69E30668}.Debug|x64.ActiveCfg = Debug|x64
		{7621C811-ECB8-4CEE-96C7-519C69E30668}.Debug|x64.Build.0 = Debug|x64
		{7621C811-ECB8-4CEE-96C7-519C69E30668}.Debug|x86.ActiveCfg = Debug|Win32
		{7621C811-ECB8-4CEE-96C7-519C69E30668}.Debug|x86.Build.0 = Debug|Win32
		{7621C811-ECB8-4CEE-96C7-519C69E30668}.Release|x64.ActiveCfg = Release|x64
		{7621C811-ECB8-4CEE-96C7-519C69E30668}.Release|x64.Build.0 = Release|x64
		{7621C811-ECB8-4CEE-96C7-519C69E30668}.Release|x86.ActiveCfg = Release|Win32
		{7621C811-ECB8-4CEE-96C7-519C69E30668}.Release|x86.Build.0 = Release|Win32
		{E5E2C500-E15F-4A7C-BB98-01213B1C8312}.Debug|x64.ActiveCfg = Debug|x64
		{E5E2C500-E15F-4A7C-BB98-01213B1C8312}.Debug|x64.Build.0 = Debug|x64
		{E5E2C500-E15F-4A7C-BB98-01213B1C8312}.Debug|x86.ActiveCfg = Debug|Win32
		{E5E2C500-E15F-4A7C-BB98-01213B1C8312}.Debug|x86.Build.0 = Debug|Win32
		{E5E2C500-E15F-4A7C-BB98-01213B1C8312}.Release|x64.ActiveCfg = Release|x64
		{E5E2C500-E15F-4A7C-BB98-01213B1C8312}.Release|x64.Build.0 = Release|x64
		{E5E2C500-E15F-4A7C-BB98-01213B1C8312}.Release|x86.ActiveCfg = Release|Win32
		{E5E2C500-E15F-4A7C-BB98-01213B1C8312}.Release|x86.Build.0 = Release|Win32
		{153CFF44-3B29-4FE3-8D52-85D8F71488BE}.Debug|x64.ActiveCfg = Debug|x64
		{153CFF44-3B29-4FE3-8D52-85D8F71488BE}.Debug|x64.Build.0 = Debug|x64
		{153CFF44-3B29-4FE3-8D52-85D8F71488BE}.Debug|x86.ActiveCfg = Debug|Win32
		{153CFF44-3B29-4FE3-8D52-85D8F71488BE}.Debug|x86.Build.0 = Debug|Win32
		{153CFF44-3B29-4FE3-8D52-85D8F71488BE}.Release|x64.ActiveCfg = Release|x64
		{153CFF44-3B29-4FE3-8D52-85D8F71488BE}.Release|x64.Build.0 = Release|x64
		{153CFF44-3B29-4FE3-8D52-85D8F71488BE}.Release|x86.ActiveCfg = Release|Win32
		{153CFF44-3B29-4FE3-8D52-85D8F71488BE}.Release|x86.Build.0 = Release|Win32
		{28AC2EAC-D0B7-4C8A-A308-89E0ADE0302C}.Debug|x64.ActiveCfg = Debug|x64
		{28AC2EAC-D0B7-4C8A-A308-89E0ADE0302C}.Debug|x64.Build.0 = Debug|x64
		{28AC2EAC-D0B7-4C8A-A308-89E0ADE0302C}.Debug|x86.ActiveCfg = Debug|Win32
		{28AC2EAC-D0B7-4C8A-A308-89E0ADE0302C}.Debug|x86.Build.0 = Debug|Win32
		{28AC2EAC-D0B7-4C8A-A308-89E0ADE0302C}.Release|x64.ActiveCfg = Release|x64
		{28AC2EAC-D0B7-4C8A-A308-89E0ADE0302C}.Release|x64.Build.0 = Release|x64
		{28AC2EAC-D0B7-4C8A-A308-89E0ADE0302C}.Release|x86.ActiveCfg = Release|Win32
		{28AC2EAC-D0B7-4C8A-A308-89E0ADE0302C}.Release|x86.Build.0 = Release|Win32
		{40C34CBA-E4BC-4488-9C3C-13BD8DD8B4CE}.Debug|x64.ActiveCfg = Debug|x64
		{40C34CBA-E4BC-4488-9C3C-13BD8DD8B4CE}.Debug|x64.Build.0 = Debug|x64
		{40C34CBA-E4BC-4488-9C3C-13BD8DD8B4CE}.Debug|x86.ActiveCfg = Debug|Win32
		{40C34CBA-E4BC-4488-9C3C-13BD8DD8B4CE}.Debug|x86.Build.0 = Debug|Win32
		{40C34CBA-E4BC-4488-9C3C-13BD8DD8B4CE}.Release|x64.ActiveCfg = Release|x64
		{40C34CBA-E4BC-4488-9C3C-13BD8DD8B4CE}.Release|x64.Build.0 = Release|x64
		{40C34CBA-E4BC-4488-9C3C-13BD8DD8B4CE}.Release|x86.ActiveCfg = Release|Win32
		{40C34CBA-E4BC-4488-9C3C-13BD8DD8B4CE}.Release|x86.Build.0 = Release|Win32
		{2BC0D318-D4B2-46EA-9810-1DADE97C1F98}.Debug|x64.ActiveCfg = Debug|x64
		{2BC0D318-D4B2-46EA-9810-1DADE97C1F98}.Debug|x64.Build.0 = Debug|x64
		{2BC0D318-D4B2-46EA-9810-1DADE97C1F98}.Debug|x86.ActiveCfg = Debug|Win32
		{2BC0D318-D4B2-46EA-9810-1DADE97C1F98}.Debug|x86.Build.0 = Debug|Win32
		{2BC0D318-D4B2-46EA-9810-1DADE97C1F98}.Release|x64.ActiveCfg = Release|x64
		{2BC0D318-D4B2-46EA-9810-1DADE97C1F98}.Release|x64.Build.0 = Release|x64
		{2BC0D318-D4B2-46EA-9810-1DADE97C1F98}.Release|x86.ActiveCfg = Release|Win32
		{2BC0D318-D4B2-46EA-9810-1DADE97C1F98}.Release|x86.Build.0 = Release|Win32
		{A40FD760-D103-4D3A-A77E-05A40771801C}.Debug|x64.ActiveCfg = Debug|x64
		{A40FD760-D103-4D3A-A77E-05A40771801C}.Debug|x64.Build.0 = Debug|x64
		{A40FD760-D103-4D3A-A77E-05A40771801C}.Debug|x86.ActiveCfg = Debug|Win32
		{A40FD760-D103-4D3A-A77E-05A40771801C}.Debug|x86.Build.0 = Debug|Win32
		{A40FD760-D103-4D3A-A77E-05A40771801C}.Release|x64.ActiveCfg = Release|x64
		{A40FD760-D103-4D3A-A77E-05A40771801C}.Release|x64.Build.0 = Release|x64
		{A40FD760-D103-4D3A-A77E-05A40771801C}.Release|x86.ActiveCfg = Release|Win32
		{A40FD760-D103-4D3A-A77E-05A40771801C}.Release|x86.Build.0 = Release|Win32
		{5062D545-FEB9-4EE2-9844-D4050BABCCD6}.Debug|x64.ActiveCfg = Debug|x64
		{5062D545-FEB9-4EE2-9844-D4050BABCCD6}.Debug|x64.Build.0 = Debug|x64
		{5062D545-FEB9-4EE2-9844-D4050BABCCD6}.Debug|x86.ActiveCfg = Debug|Win32
		{5062D545-FEB9-4EE2-9844-D4050BABCCD6}.Debug|x86.Build.0 = Debug|Win32
		{5062D545-FEB9-4EE2-9844-D4050BABCCD6}.Release|x64.ActiveCfg = Release|x64
		{5062D545-FEB9-4EE2-9844-D4050BABCCD6}.Release|x64.Build.0 = Release|x64
		{5062D545-FEB9-4EE2-9844-D4050BABCCD6}.Release|x86.ActiveCfg = Release|Win32
		{5062D545-FEB9-4EE2-9844-D4050BABCCD6}.Release|x86.Build.0 = Release|Win32
		{965FE8E2-70C6-4E26-A060-011E7486151D}.Debug|x64.ActiveCfg = Debug|x64
		{965FE8E2-70C6-4E26-A060-011E7486151D}.Debug|x64.Build.0 = Debug|x64
		{965FE8E2-70C6-4E26-A060-011E7486151D}.Debug|x86.ActiveCfg = Debug|Win32
		{965FE8E2-70C6-4E26-A060-011E7486151D}.Debug|x86.Build.0 = Debug|Win32
		{965FE8E2-70C6-4E26-A060-011E7486151D}.Release|x64.ActiveCfg = Release|x64
		{965FE8E2-70C6-4E26-A060-011E7486151D}.Release|x64.Build.0 = Release|x64
		{965FE8E2-70C6-4E26-A060-011E7486151D}.Release|x86.ActiveCfg = Release|Win32
		{965FE8E2-70C6-4E26-A060-011E7486151D}.Release|x86.Build.0 = Release|Win32
		{0E3F0213-65A5-4491-B1AD-E6622A32C4C4}.Debug|x64.ActiveCfg = Debug|x64
		{0E3F0213-65A5-4491-B1AD-E6622A32C4C4}.Debug|x64.Build.0 = Debug|x64
		{0E3F0213-65A5-4491-B1AD-E6622A32C4C4}.Debug|x86.ActiveCfg = Debug|Win32
		{0E3F0213-65A5-4491-B1AD-E6622A32C4C4}.Debug|x86.Build.0 = Debug|Win32
		{0E3F0213-65A5-4491-B1AD-E6622A32C4C4}.Release|x64.ActiveCfg = Release|x64
		{0E3F0213-65A5-4491-B1AD-E6622A32C4C4}.Release|x64.Build.0 = Release|x64
		{0E3F0213-65A5-4491-B1AD-E6622A32C4C4}.Release|x86.ActiveCfg = Release|Win32
		{0E3F0213-65A5-4491-B1AD-E6622A32C4C4}.Release|x86.Build.0 = Release|Win32
		{0A4F8F8B-7498-4409-B40B-6CA86D2B916A}.Debug|x64.ActiveCfg = Debug|x64
		{0A4F8F8B-7498-4409-B40B-6CA86D2B916A}.Debug|x64.Build.0 = Debug|x64
		{0A4F8F8B-7498-4409-B40B-6CA86D2B916A}.Debug|x86.ActiveCfg = Debug|Win32
		{0A4F8F8B-7498-4409-B40B-6CA86D2B916A}.Debug|x86.Build.0 = Debug|Win32
		{0A4F8F8B-7498-4409-B40B-6CA86D2B916A}.Release|x64.ActiveCfg = Release|x64
		{0A4F8F8B-7498-4409-B40B-6CA86D2B916A}.Release|x64.Build.0 = Release|x64
		{0A4F8F8B-7498-4409-B40B-6CA86D2B916A}.Release|x86.ActiveCfg = Release|Win32
		{0A4F8F8B-7498-4409-B40B-6CA86D2B916A}.Release|x86.Build.0 = Release|Win32
		{26186A05-82B8-437A-9E38-76ADFE83B0A1}.Debug|x64.ActiveCfg = Debug|x64
		{26186A05-82B8-437A-9E38-76ADFE83B0A1}.Debug|x64.Build.0 = Debug|x64
		{26186A05-82B8-437A-9E38-76ADFE83B0A1}.Debug|x86.ActiveCfg = Debug|Win32
		{26186A05-82B8-437A-9E38-76ADFE83B0A1}.Debug|x86.Build.0 = Debug|Win32
		{26186A05-82B8-437A-9E38-76ADFE83B0A1}.Release|x64.ActiveCfg = Release|x64
		{26186A05-82B8-437A-9E38-76ADFE83B0A1}.Release|x64.Build.0 = Release|x64
		{26186A05-82B8-437A-9E38-76ADFE83B0A1}.Release|x86.ActiveCfg = Release|Win32
		{26186A05-82B8-437A-9E38-76ADFE83B0A1}.Release|x86.Build.0 = Release|Win32
		{451F7D12-DB09-45EA-BD41-1D2AAC784D6B}.Debug|x64.ActiveCfg = Debug|x64
		{451F7D12-DB09-45EA-BD41-1D2AAC784D6B}.Debug|x64.Build.0 = Debug|x64
		{451F7D12-DB09-45EA-BD41-1D2AAC784D6B}.Debug|x86.ActiveCfg = Debug|Win32
		{451F7D12-DB09-45EA-BD41-1D2AAC784D6B}.Debug|x86.Build.0 = Debug|Win32
		{451F7D12-DB09-45EA-BD41-1D2AAC784D6B}.Release|x64.ActiveCfg = Release|x64
		{451F7D12-DB09-45EA-BD41-1D2AAC784D6B}.Release|x64.Build.0 = Release|x64
		{451F7D12-DB09-45EA-BD41-1D2AAC784D6B}.Release|x86.ActiveCfg = Release|Win32
		{451F7D12-DB09-45EA-BD41-1D2AAC784D6B}.Release|x86.Build.0 = Release|Win32
		{6CA189CD-362F-4994-98D8-91DEB4F19FC4}.Debug|x64.ActiveCfg = Debug|x64
		{6CA189CD-362F-4994-98D8-91DEB4F19FC4}.Debug|x64.Build.0 = Debug|x64
		{6CA189CD-362F-4994-98D8-91DEB4F19FC4}.Debug|x86.ActiveCfg = Debug|Win32
		{6CA189CD-362F-4994-98D8-91DEB4F19FC4}.Debug|x86.Build.0 = Debug|Win32
		{6CA189CD-362F-4994-98D8-91DEB4F19FC4}.Release|x64.ActiveCfg = Release|x64
		{6CA189CD-362F-4994-98D8-91DEB4F19FC4}.Release|x64.Build.0 = Release|x64
		{6CA189CD-362F-4994-98D8-91DEB4F19FC4}.Release|x86.ActiveCfg = Release|Win32
		{6CA189CD-362F-4994-98D8-91DEB4F19FC4}.Release|x86.Build.0 = Release|Win32
		{5F55651E-128E-4C32-86C4-2AA229221135}.Debug|x64.ActiveCfg = Debug|x64
		{5F55651E-128E-4C32-86C4-2AA229221135}.Debug|x64.Build.0 = Debug|x64
		{5F55651E-128E-4C32-86C4-2AA229221135}.Debug|x86.ActiveCfg = Debug|Win32
		{5F55651E-128E-4C32-86C4-2AA229221135}.Debug|x86.Build.0 = Debug|Win32
		{5F55651E-128E-4C32-86C4-2AA229221135}.Release|x64.ActiveCfg = Release|x64
		{5F55651E-128E-4C32-86C4-2AA229221135}.Release|x64.Build.0 = Release|x64
		{5F55651E-128E-4C32-86C4-2AA229221135}.Release|x86.ActiveCfg = Release|Win32
		{5F55651E-128E-4C32-86C4-2AA229221135}.Release|x86.Build.0 = Release|Win32
	EndGlobalSection
	GlobalSection(SolutionProperties) = preSolution
		HideSolutionNode = FALSE
	EndGlobalSection
EndGlobal
